{
  "name": "cute-bot-callback",
  "version": "0.1.0",
  "lockfileVersion": 1,
  "requires": true,
  "dependencies": {
    "@now/node": {
      "version": "1.5.1",
      "resolved": "https://registry.npmjs.org/@now/node/-/node-1.5.1.tgz",
      "integrity": "sha512-2nXhdqo4aNShHuTwbdQmZQX4jYXAoI85+FTPStD5DZVC3kbSS8m5RDxJu7Op7ffBPwIu8Nmp6ukjXct3Abad7g==",
      "requires": {
        "@types/node": "*"
      }
    },
    "@types/node": {
      "version": "13.13.5",
      "resolved": "https://registry.npmjs.org/@types/node/-/node-13.13.5.tgz",
      "integrity": "sha512-3ySmiBYJPqgjiHA7oEaIo2Rzz0HrOZ7yrNO5HWyaE5q0lQ3BppDZ3N53Miz8bw2I7gh1/zir2MGVZBvpb1zq9g=="
    },
    "cross-fetch": {
      "version": "3.1.5",
      "resolved": "https://registry.npmjs.org/cross-fetch/-/cross-fetch-3.1.5.tgz",
      "integrity": "sha512-lvb1SBsI0Z7GDwmuid+mU3kWVBwTVUbe7S0H52yaaAdQOXq2YktTCZdlAcNKFzE6QtRz0snpw9bNiPeOIkkQvw==",
      "requires": {
        "node-fetch": "2.6.7"
      },
      "dependencies": {
        "node-fetch": {
          "version": "2.6.7",
          "resolved": "https://registry.npmjs.org/node-fetch/-/node-fetch-2.6.7.tgz",
          "integrity": "sha512-ZjMPFEfVx5j+y2yF35Kzx5sF7kDzxuDj6ziH4FFbOp87zKDZNx8yExJIb05OGF4Nlt9IHFIMBkRl41VdvcNdbQ==",
          "requires": {
            "whatwg-url": "^5.0.0"
          }
        }
      }
    },
    "tr46": {
      "version": "0.0.3",
      "resolved": "https://registry.npmjs.org/tr46/-/tr46-0.0.3.tgz",
      "integrity": "sha1-gYT9NH2snNwYWZLzpmIuFLnZq2o="
    },
    "ts.data.json": {
      "version": "1.1.0",
      "resolved": "https://registry.npmjs.org/ts.data.json/-/ts.data.json-1.1.0.tgz",
      "integrity": "sha512-bdZJ19x6HVq7MTnCmSHDcOxipcVWhM8T86VaxScBd2awV/h1BW27iKL+DoFM4Nt5f9HUdp5V4IUGDHLrttLKyA=="
    },
    "typescript": {
      "version": "3.9.7",
      "resolved": "https://registry.npmjs.org/typescript/-/typescript-3.9.7.tgz",
      "integrity": "sha512-BLbiRkiBzAwsjut4x/dsibSTB6yWpwT5qWmC2OfuCg3GgVQCSgMs4vEctYPhsaGtd0AeuuHMkjZ2h2WG8MSzRw==",
      "dev": true
    },
    "vk-ts": {
      "version": "0.17.0",
      "resolved": "https://registry.npmjs.org/vk-ts/-/vk-ts-0.17.0.tgz",
      "integrity": "sha512-AHTUGbDWYyO2lZdeaabSc8BKZ34hwKP60nXtOwHAdd6N/kwg7FO3+pk7HLYkLm3AFCsn18ViW4W5c8rI8vZnlA==",
      "requires": {
        "cross-fetch": "^3.0.6",
        "ts.data.json": "^1.7.0"
      },
      "dependencies": {
        "ts.data.json": {
          "version": "1.7.0",
          "resolved": "https://registry.npmjs.org/ts.data.json/-/ts.data.json-1.7.0.tgz",
          "integrity": "sha512-Nwi4P5aXBmKxxJZLe1rJ/ejya/uhcfUh4PsstRDlNnEU+sjGXIQu0XVLQbafPZ7KKm3gb+IX4EygsSMoic4/ng=="
        }
      }
    },
    "webidl-conversions": {
      "version": "3.0.1",
      "resolved": "https://registry.npmjs.org/webidl-conversions/-/webidl-conversions-3.0.1.tgz",
      "integrity": "sha1-JFNCdeKnvGvnvIZhHMFq4KVlSHE="
    },
    "whatwg-url": {
      "version": "5.0.0",
      "resolved": "https://registry.npmjs.org/whatwg-url/-/whatwg-url-5.0.0.tgz",
      "integrity": "sha1-lmRU6HZUYuN2RNNib2dCzotwll0=",
      "requires": {
        "tr46": "~0.0.3",
        "webidl-conversions": "^3.0.0"
      }
    }
  }
}
