{
  "name": "cute-bot-callback",
  "version": "0.1.0",
  "lockfileVersion": 1,
  "requires": true,
  "dependencies": {
    "@now/node": {
      "version": "1.5.1",
      "resolved": "https://registry.npmjs.org/@now/node/-/node-1.5.1.tgz",
      "integrity": "sha512-2nXhdqo4aNShHuTwbdQmZQX4jYXAoI85+FTPStD5DZVC3kbSS8m5RDxJu7Op7ffBPwIu8Nmp6ukjXct3Abad7g==",
      "requires": {
        "@types/node": "*"
      }
    },
    "@types/node": {
      "version": "13.13.5",
      "resolved": "https://registry.npmjs.org/@types/node/-/node-13.13.5.tgz",
      "integrity": "sha512-3ySmiBYJPqgjiHA7oEaIo2Rzz0HrOZ7yrNO5HWyaE5q0lQ3BppDZ3N53Miz8bw2I7gh1/zir2MGVZBvpb1zq9g=="
    },
    "cross-fetch": {
      "version": "3.1.4",
      "resolved": "https://registry.npmjs.org/cross-fetch/-/cross-fetch-3.1.4.tgz",
      "integrity": "sha512-1eAtFWdIubi6T4XPy6ei9iUFoKpUkIF971QLN8lIvvvwueI65+Nw5haMNKUwfJxabqlIIDODJKGrQ66gxC0PbQ==",
      "requires": {
        "node-fetch": "2.6.1"
      }
    },
    "node-fetch": {
      "version": "2.6.1",
      "resolved": "https://registry.npmjs.org/node-fetch/-/node-fetch-2.6.1.tgz",
      "integrity": "sha512-V4aYg89jEoVRxRb2fJdAg8FHvI7cEyYdVAh94HH0UIK8oJxUfkjlDQN9RbMx+bEjP7+ggMiFRprSti032Oipxw=="
    },
    "ts.data.json": {
      "version": "1.1.0",
      "resolved": "https://registry.npmjs.org/ts.data.json/-/ts.data.json-1.1.0.tgz",
      "integrity": "sha512-bdZJ19x6HVq7MTnCmSHDcOxipcVWhM8T86VaxScBd2awV/h1BW27iKL+DoFM4Nt5f9HUdp5V4IUGDHLrttLKyA=="
    },
    "typescript": {
      "version": "3.9.7",
      "resolved": "https://registry.npmjs.org/typescript/-/typescript-3.9.7.tgz",
      "integrity": "sha512-BLbiRkiBzAwsjut4x/dsibSTB6yWpwT5qWmC2OfuCg3GgVQCSgMs4vEctYPhsaGtd0AeuuHMkjZ2h2WG8MSzRw==",
      "dev": true
    },
    "vk-ts": {
      "version": "0.15.0",
      "resolved": "https://registry.npmjs.org/vk-ts/-/vk-ts-0.15.0.tgz",
      "integrity": "sha512-GYwq9PbDrSGO3ZVy8SXCgEFPQdFsKJDU6ETDySPQfXSLXLmF4xE1SF9Je6FgctuuUWWfZlJSITIVy7lWWL4CUw==",
      "requires": {
        "cross-fetch": "^3.0.6",
        "ts.data.json": "^1.7.0"
      },
      "dependencies": {
        "ts.data.json": {
          "version": "1.7.0",
          "resolved": "https://registry.npmjs.org/ts.data.json/-/ts.data.json-1.7.0.tgz",
          "integrity": "sha512-Nwi4P5aXBmKxxJZLe1rJ/ejya/uhcfUh4PsstRDlNnEU+sjGXIQu0XVLQbafPZ7KKm3gb+IX4EygsSMoic4/ng=="
        }
      }
    }
  }
}
